
Microsoft Visual Studio Solution File, Format Version 12.00
# Visual Studio Version 17
VisualStudioVersion = 17.14.36915.13 d17.14
MinimumVisualStudioVersion = 10.0.40219.1
Project("{FAE04EC0-301F-11D3-BF4B-00C04F79EFBC}") = "GemSystem", "GemSystem\GemSystem.csproj", "{C5828873-4419-4D27-B7EF-7534920719C5}"
EndProject
Global
	GlobalSection(SolutionConfigurationPlatforms) = preSolution
		Debug|Any CPU = Debug|Any CPU
		Release|Any CPU = Release|Any CPU
	EndGlobalSection
	GlobalSection(ProjectConfigurationPlatforms) = postSolution
		{C5828873-4419-4D27-B7EF-7534920719C5}.Debug|Any CPU.ActiveCfg = Debug|Any CPU
		{C5828873-4419-4D27-B7EF-7534920719C5}.Debug|Any CPU.Build.0 = Debug|Any CPU
		{C5828873-4419-4D27-B7EF-7534920719C5}.Release|Any CPU.ActiveCfg = Release|Any CPU
		{C5828873-4419-4D27-B7EF-7534920719C5}.Release|Any CPU.Build.0 = Release|Any CPU
	EndGlobalSection
	GlobalSection(SolutionProperties) = preSolution
		HideSolutionNode = FALSE
	EndGlobalSection
	GlobalSection(ExtensibilityGlobals) = postSolution
		SolutionGuid = {876446DC-3793-4D5E-B76A-2D3B40D50997}
	EndGlobalSection
EndGlobal
